// !$*UTF8*$!
{
	archiveVersion = 1;
	classes = {
	};
	objectVersion = 46;
	objects = {

/* Begin PBXBuildFile section */
		FF8EDEAA27764E8200E24022 /* AppDelegate.swift in Sources */ = {isa = PBXBuildFile; fileRef = FF8EDEA927764E8200E24022 /* AppDelegate.swift */; };
		FF8EDEAC27764E8200E24022 /* ViewController.swift in Sources */ = {isa = PBXBuildFile; fileRef = FF8EDEAB27764E8200E24022 /* ViewController.swift */; };
		FF8EDEAF27764E8200E24022 /* Main.storyboard in Resources */ = {isa = PBXBuildFile; fileRef = FF8EDEAD27764E8200E24022 /* Main.storyboard */; };
		FF8EDEB127764E8200E24022 /* Assets.xcassets in Resources */ = {isa = PBXBuildFile; fileRef = FF8EDEB027764E8200E24022 /* Assets.xcassets */; };
		FF8EDEB427764E8200E24022 /* LaunchScreen.storyboard in Resources */ = {isa = PBXBuildFile; fileRef = FF8EDEB227764E8200E24022 /* LaunchScreen.storyboard */; };
/* End PBXBuildFile section */

/* Begin PBXFileReference section */
		FF8EDEA627764E8200E24022 /* ProgrammingLanguages.app */ = {isa = PBXFileReference; explicitFileType = wrapper.application; includeInIndex = 0; path = ProgrammingLanguages.app; sourceTree = BUILT_PRODUCTS_DIR; };
		FF8EDEA927764E8200E24022 /* AppDelegate.swift */ = {isa = PBXFileReference; lastKnownFileType = sourcecode.swift; path = AppDelegate.swift; sourceTree = "<group>"; };
		FF8EDEAB27764E8200E24022 /* ViewController.swift */ = {isa = PBXFileReference; lastKnownFileType = sourcecode.swift; path = ViewController.swift; sourceTree = "<group>"; };
		FF8EDEAE27764E8200E24022 /* Base */ = {isa = PBXFileReference; lastKnownFileType = file.storyboard; name = Base; path = Base.lproj/Main.storyboard; sourceTree = "<group>"; };
		FF8EDEB027764E8200E24022 /* Assets.xcassets */ = {isa = PBXFileReference; lastKnownFileType = folder.assetcatalog; path = Assets.xcassets; sourceTree = "<group>"; };
		FF8EDEB327764E8200E24022 /* Base */ = {isa = PBXFileReference; lastKnownFileType = file.storyboard; name = Base; path = Base.lproj/LaunchScreen.storyboard; sourceTree = "<group>"; };
		FF8EDEB527764E8200E24022 /* Info.plist */ = {isa = PBXFileReference; lastKnownFileType = text.plist.xml; path = Info.plist; sourceTree = "<group>"; };
/* End PBXFileReference section */

/* Begin PBXFrameworksBuildPhase section */
		FF8EDEA327764E8200E24022 /* Frameworks */ = {
			isa = PBXFrameworksBuildPhase;
			buildActionMask = 2147483647;
			files = (
			);
			runOnlyForDeploymentPostprocessing = 0;
		};
/* End PBXFrameworksBuildPhase section */

/* Begin PBXGroup section */
		FF8EDE9D27764E8200E24022 = {
			isa = PBXGroup;
			children = (
				FF8EDEA827764E8200E24022 /* ProgrammingLanguages */,
				FF8EDEA727764E8200E24022 /* Products */,
			);
			sourceTree = "<group>";
		};
		FF8EDEA727764E8200E24022 /* Products */ = {
			isa = PBXGroup;
			children = (
				FF8EDEA627764E8200E24022 /* ProgrammingLanguages.app */,
			);
			name = Products;
			sourceTree = "<group>";
		};
		FF8EDEA827764E8200E24022 /* ProgrammingLanguages */ = {
			isa = PBXGroup;
			children = (
				FF8EDEA927764E8200E24022 /* AppDelegate.swift */,
				FF8EDEAB27764E8200E24022 /* ViewController.swift */,
				FF8EDEAD27764E8200E24022 /* Main.storyboard */,
				FF8EDEB027764E8200E24022 /* Assets.xcassets */,
				FF8EDEB227764E8200E24022 /* LaunchScreen.storyboard */,
				FF8EDEB527764E8200E24022 /* Info.plist */,
			);
			path = ProgrammingLanguages;
			sourceTree = "<group>";
		};
/* End PBXGroup section */

/* Begin PBXNativeTarget section */
		FF8EDEA527764E8200E24022 /* ProgrammingLanguages */ = {
			isa = PBXNativeTarget;
			buildConfigurationList = FF8EDEB827764E8200E24022 /* Build configuration list for PBXNativeTarget "ProgrammingLanguages" */;
			buildPhases = (
				FF8EDEA227764E8200E24022 /* Sources */,
				FF8EDEA327764E8200E24022 /* Frameworks */,
				FF8EDEA427764E8200E24022 /* Resources */,
			);
			buildRules = (
			);
			dependencies = (
			);
			name = ProgrammingLanguages;
			productName = ProgrammingLanguages;
			productReference = FF8EDEA627764E8200E24022 /* ProgrammingLanguages.app */;
			productType = "com.apple.product-type.application";
		};
/* End PBXNativeTarget section */

/* Begin PBXProject section */
		FF8EDE9E27764E8200E24022 /* Project object */ = {
			isa = PBXProject;
			attributes = {
				LastSwiftUpdateCheck = 0710;
				LastUpgradeCheck = 0710;
				ORGANIZATIONNAME = "Chawan Saeed";
				TargetAttributes = {
					FF8EDEA527764E8200E24022 = {
						CreatedOnToolsVersion = 7.1;
					};
				};
			};
			buildConfigurationList = FF8EDEA127764E8200E24022 /* Build configuration list for PBXProject "ProgrammingLanguages" */;
			compatibilityVersion = "Xcode 3.2";
			developmentRegion = English;
			hasScannedForEncodings = 0;
			knownRegions = (
				en,
				Base,
			);
			mainGroup = FF8EDE9D27764E8200E24022;
			productRefGroup = FF8EDEA727764E8200E24022 /* Products */;
			projectDirPath = "";
			projectRoot = "";
			targets = (
				FF8EDEA527764E8200E24022 /* ProgrammingLanguages */,
			);
		};
/* End PBXProject section */

/* Begin PBXResourcesBuildPhase section */
		FF8EDEA427764E8200E24022 /* Resources */ = {
			isa = PBXResourcesBuildPhase;
			buildActionMask = 2147483647;
			files = (
				FF8EDEB427764E8200E24022 /* LaunchScreen.storyboard in Resources */,
				FF8EDEB127764E8200E24022 /* Assets.xcassets in Resources */,
				FF8EDEAF27764E8200E24022 /* Main.storyboard in Resources */,
			);
			runOnlyForDeploymentPostprocessing = 0;
		};
/* End PBXResourcesBuildPhase section */

/* Begin PBXSourcesBuildPhase section */
		FF8EDEA227764E8200E24022 /* Sources */ = {
			isa = PBXSourcesBuildPhase;
			buildActionMask = 2147483647;
			files = (
				FF8EDEAC27764E8200E24022 /* ViewController.swift in Sources */,
				FF8EDEAA27764E8200E24022 /* AppDelegate.swift in Sources */,
			);
			runOnlyForDeploymentPostprocessing = 0;
		};
/* End PBXSourcesBuildPhase section */

/* Begin PBXVariantGroup section */
		FF8EDEAD27764E8200E24022 /* Main.storyboard */ = {
			isa = PBXVariantGroup;
			children = (
				FF8EDEAE27764E8200E24022 /* Base */,
			);
			name = Main.storyboard;
			sourceTree = "<group>";
		};
		FF8EDEB227764E8200E24022 /* LaunchScreen.storyboard */ = {
			isa = PBXVariantGroup;
			children = (
				FF8EDEB327764E8200E24022 /* Base */,
			);
			name = LaunchScreen.storyboard;
			sourceTree = "<group>";
		};
/* End PBXVariantGroup section */

/* Begin XCBuildConfiguration section */
		FF8EDEB627764E8200E24022 /* Debug */ = {
			isa = XCBuildConfiguration;
			buildSettings = {
				ALWAYS_SEARCH_USER_PATHS = NO;
				CLANG_CXX_LANGUAGE_STANDARD = "gnu++0x";
				CLANG_CXX_LIBRARY = "libc++";
				CLANG_ENABLE_MODULES = YES;
				CLANG_ENABLE_OBJC_ARC = YES;
				CLANG_WARN_BOOL_CONVERSION = YES;
				CLANG_WARN_CONSTANT_CONVERSION = YES;
				CLANG_WARN_DIRECT_OBJC_ISA_USAGE = YES_ERROR;
				CLANG_WARN_EMPTY_BODY = YES;
				CLANG_WARN_ENUM_CONVERSION = YES;
				CLANG_WARN_INT_CONVERSION = YES;
				CLANG_WARN_OBJC_ROOT_CLASS = YES_ERROR;
				CLANG_WARN_UNREACHABLE_CODE = YES;
				CLANG_WARN__DUPLICATE_METHOD_MATCH = YES;
				"CODE_SIGN_IDENTITY[sdk=iphoneos*]" = "iPhone Developer";
				COPY_PHASE_STRIP = NO;
				DEBUG_INFORMATION_FORMAT = dwarf;
				ENABLE_STRICT_OBJC_MSGSEND = YES;
				ENABLE_TESTABILITY = YES;
				GCC_C_LANGUAGE_STANDARD = gnu99;
				GCC_DYNAMIC_NO_PIC = NO;
				GCC_NO_COMMON_BLOCKS = YES;
				GCC_OPTIMIZATION_LEVEL = 0;
				GCC_PREPROCESSOR_DEFINITIONS = (
					"DEBUG=1",
					"$(inherited)",
				);
				GCC_WARN_64_TO_32_BIT_CONVERSION = YES;
				GCC_WARN_ABOUT_RETURN_TYPE = YES_ERROR;
				GCC_WARN_UNDECLARED_SELECTOR = YES;
				GCC_WARN_UNINITIALIZED_AUTOS = YES_AGGRESSIVE;
				GCC_WARN_UNUSED_FUNCTION = YES;
				GCC_WARN_UNUSED_VARIABLE = YES;
				IPHONEOS_DEPLOYMENT_TARGET = 9.1;
				MTL_ENABLE_DEBUG_INFO = YES;
				ONLY_ACTIVE_ARCH = YES;
				SDKROOT = iphoneos;
				SWIFT_OPTIMIZATION_LEVEL = "-Onone";
				TARGETED_DEVICE_FAMILY = "1,2";
			};
			name = Debug;
		};
		FF8EDEB727764E8200E24022 /* Release */ = {
			isa = XCBuildConfiguration;
			buildSettings = {
				ALWAYS_SEARCH_USER_PATHS = NO;
				CLANG_CXX_LANGUAGE_STANDARD = "gnu++0x";
				CLANG_CXX_LIBRARY = "libc++";
				CLANG_ENABLE_MODULES = YES;
				CLANG_ENABLE_OBJC_ARC = YES;
				CLANG_WARN_BOOL_CONVERSION = YES;
				CLANG_WARN_CONSTANT_CONVERSION = YES;
				CLANG_WARN_DIRECT_OBJC_ISA_USAGE = YES_ERROR;
				CLANG_WARN_EMPTY_BODY = YES;
				CLANG_WARN_ENUM_CONVERSION = YES;
				CLANG_WARN_INT_CONVERSION = YES;
				CLANG_WARN_OBJC_ROOT_CLASS = YES_ERROR;
				CLANG_WARN_UNREACHABLE_CODE = YES;
				CLANG_WARN__DUPLICATE_METHOD_MATCH = YES;
				"CODE_SIGN_IDENTITY[sdk=iphoneos*]" = "iPhone Developer";
				COPY_PHASE_STRIP = NO;
				DEBUG_INFORMATION_FORMAT = "dwarf-with-dsym";
				ENABLE_NS_ASSERTIONS = NO;
				ENABLE_STRICT_OBJC_MSGSEND = YES;
				GCC_C_LANGUAGE_STANDARD = gnu99;
				GCC_NO_COMMON_BLOCKS = YES;
				GCC_WARN_64_TO_32_BIT_CONVERSION = YES;
				GCC_WARN_ABOUT_RETURN_TYPE = YES_ERROR;
				GCC_WARN_UNDECLARED_SELECTOR = YES;
				GCC_WARN_UNINITIALIZED_AUTOS = YES_AGGRESSIVE;
				GCC_WARN_UNUSED_FUNCTION = YES;
				GCC_WARN_UNUSED_VARIABLE = YES;
				IPHONEOS_DEPLOYMENT_TARGET = 9.1;
				MTL_ENABLE_DEBUG_INFO = NO;
				SDKROOT = iphoneos;
				TARGETED_DEVICE_FAMILY = "1,2";
				VALIDATE_PRODUCT = YES;
			};
			name = Release;
		};
		FF8EDEB927764E8200E24022 /* Debug */ = {
			isa = XCBuildConfiguration;
			buildSettings = {
				ASSETCATALOG_COMPILER_APPICON_NAME = AppIcon;
				INFOPLIST_FILE = ProgrammingLanguages/Info.plist;
				LD_RUNPATH_SEARCH_PATHS = "$(inherited) @executable_path/Frameworks";
				PRODUCT_BUNDLE_IDENTIFIER = chawan.saeed.ProgrammingLanguages;
				PRODUCT_NAME = "$(TARGET_NAME)";
			};
			name = Debug;
		};
		FF8EDEBA27764E8200E24022 /* Release */ = {
			isa = XCBuildConfiguration;
			buildSettings = {
				ASSETCATALOG_COMPILER_APPICON_NAME = AppIcon;
				INFOPLIST_FILE = ProgrammingLanguages/Info.plist;
				LD_RUNPATH_SEARCH_PATHS = "$(inherited) @executable_path/Frameworks";
				PRODUCT_BUNDLE_IDENTIFIER = chawan.saeed.ProgrammingLanguages;
				PRODUCT_NAME = "$(TARGET_NAME)";
			};
			name = Release;
		};
/* End XCBuildConfiguration section */

/* Begin XCConfigurationList section */
		FF8EDEA127764E8200E24022 /* Build configuration list for PBXProject "ProgrammingLanguages" */ = {
			isa = XCConfigurationList;
			buildConfigurations = (
				FF8EDEB627764E8200E24022 /* Debug */,
				FF8EDEB727764E8200E24022 /* Release */,
			);
			defaultConfigurationIsVisible = 0;
			defaultConfigurationName = Release;
		};
		FF8EDEB827764E8200E24022 /* Build configuration list for PBXNativeTarget "ProgrammingLanguages" */ = {
			isa = XCConfigurationList;
			buildConfigurations = (
				FF8EDEB927764E8200E24022 /* Debug */,
				FF8EDEBA27764E8200E24022 /* Release */,
			);
			defaultConfigurationIsVisible = 0;
		};
/* End XCConfigurationList section */
	};
	rootObject = FF8EDE9E27764E8200E24022 /* Project object */;
}
